
Microsoft Visual Studio Solution File, Format Version 12.00
# Visual Studio Version 16
VisualStudioVersion = 25.0.1700.0
MinimumVisualStudioVersion = 10.0.40219.1
Project("{FAE04EC0-301F-11D3-BF4B-00C04F79EFBC}") = "AirBNB", "AirBNB.csproj", "{7A9176C9-6ADA-409A-BAC6-6D7B6E8F850F}"
EndProject
Global
	GlobalSection(SolutionConfigurationPlatforms) = preSolution
		Debug|Any CPU = Debug|Any CPU
		Release|Any CPU = Release|Any CPU
	EndGlobalSection
	GlobalSection(ProjectConfigurationPlatforms) = postSolution
		{7A9176C9-6ADA-409A-BAC6-6D7B6E8F850F}.Debug|Any CPU.ActiveCfg = Debug|Any CPU
		{7A9176C9-6ADA-409A-BAC6-6D7B6E8F850F}.Debug|Any CPU.Build.0 = Debug|Any CPU
		{7A9176C9-6ADA-409A-BAC6-6D7B6E8F850F}.Release|Any CPU.ActiveCfg = Release|Any CPU
		{7A9176C9-6ADA-409A-BAC6-6D7B6E8F850F}.Release|Any CPU.Build.0 = Release|Any CPU
	EndGlobalSection
	GlobalSection(SolutionProperties) = preSolution
		HideSolutionNode = FALSE
	EndGlobalSection
	GlobalSection(ExtensibilityGlobals) = postSolution
		SolutionGuid = {C1CE43AA-19E5-4BA4-B420-32BB42F98C13}
	EndGlobalSection
EndGlobal
